
Microsoft Visual Studio Solution File, Format Version 12.00
# Visual Studio Version 17
VisualStudioVersion = 17.5.33627.172
MinimumVisualStudioVersion = 10.0.40219.1
Project("{8BC9CEB8-8B4A-11D0-8D11-00A0C91BC942}") = "GitHUBPRJECTORIE", "GitHUBPRJECTORIE\GitHUBPRJECTORIE.vcxproj", "{0C07E7C0-9D29-4B46-9A1B-FDF79CAD52AB}"
EndProject
Global
	GlobalSection(SolutionConfigurationPlatforms) = preSolution
		Debug|x64 = Debug|x64
		Debug|x86 = Debug|x86
		Release|x64 = Release|x64
		Release|x86 = Release|x86
	EndGlobalSection
	GlobalSection(ProjectConfigurationPlatforms) = postSolution
		{0C07E7C0-9D29-4B46-9A1B-FDF79CAD52AB}.Debug|x64.ActiveCfg = Debug|x64
		{0C07E7C0-9D29-4B46-9A1B-FDF79CAD52AB}.Debug|x64.Build.0 = Debug|x64
		{0C07E7C0-9D29-4B46-9A1B-FDF79CAD52AB}.Debug|x86.ActiveCfg = Debug|Win32
		{0C07E7C0-9D29-4B46-9A1B-FDF79CAD52AB}.Debug|x86.Build.0 = Debug|Win32
		{0C07E7C0-9D29-4B46-9A1B-FDF79CAD52AB}.Release|x64.ActiveCfg = Release|x64
		{0C07E7C0-9D29-4B46-9A1B-FDF79CAD52AB}.Release|x64.Build.0 = Release|x64
		{0C07E7C0-9D29-4B46-9A1B-FDF79CAD52AB}.Release|x86.ActiveCfg = Release|Win32
		{0C07E7C0-9D29-4B46-9A1B-FDF79CAD52AB}.Release|x86.Build.0 = Release|Win32
	EndGlobalSection
	GlobalSection(SolutionProperties) = preSolution
		HideSolutionNode = FALSE
	EndGlobalSection
	GlobalSection(ExtensibilityGlobals) = postSolution
		SolutionGuid = {F1B87A67-EA67-4AEB-9534-A3BF9CE6B39F}
	EndGlobalSection
EndGlobal
